
Microsoft Visual Studio Solution File, Format Version 12.00
# Visual Studio Version 16
VisualStudioVersion = 16.0.29926.136
MinimumVisualStudioVersion = 10.0.40219.1
Project("{FAE04EC0-301F-11D3-BF4B-00C04F79EFBC}") = "DataMongo", "DataMongo\DataMongo.csproj", "{4FEC4AA0-4907-4063-924D-7766D951BFE7}"
EndProject
Global
	GlobalSection(SolutionConfigurationPlatforms) = preSolution
		Debug|Any CPU = Debug|Any CPU
		Release|Any CPU = Release|Any CPU
	EndGlobalSection
	GlobalSection(ProjectConfigurationPlatforms) = postSolution
		{4FEC4AA0-4907-4063-924D-7766D951BFE7}.Debug|Any CPU.ActiveCfg = Debug|Any CPU
		{4FEC4AA0-4907-4063-924D-7766D951BFE7}.Debug|Any CPU.Build.0 = Debug|Any CPU
		{4FEC4AA0-4907-4063-924D-7766D951BFE7}.Release|Any CPU.ActiveCfg = Release|Any CPU
		{4FEC4AA0-4907-4063-924D-7766D951BFE7}.Release|Any CPU.Build.0 = Release|Any CPU
	EndGlobalSection
	GlobalSection(SolutionProperties) = preSolution
		HideSolutionNode = FALSE
	EndGlobalSection
	GlobalSection(ExtensibilityGlobals) = postSolution
		SolutionGuid = {79397CE2-062D-4156-A09C-49A59255B18F}
	EndGlobalSection
EndGlobal
